// !$*UTF8*$!
{
	archiveVersion = 1;
	classes = {
	};
	objectVersion = 77;
	objects = {

/* Begin PBXBuildFile section */
		125E5E8D2FC076BD004D2F0B /* PostKit.storekit in Resources */ = {isa = PBXBuildFile; fileRef = 125E5E8C2FC076BD004D2F0B /* PostKit.storekit */; };
		12B3EA582FBA6C1D0090A113 /* ComposableArchitecture in Frameworks */ = {isa = PBXBuildFile; productRef = 12B3EA572FBA6C1D0090A113 /* ComposableArchitecture */; };
		12B3EA5B2FBA6C310090A113 /* GoogleGenerativeAI in Frameworks */ = {isa = PBXBuildFile; productRef = 12B3EA5A2FBA6C310090A113 /* GoogleGenerativeAI */; };
/* End PBXBuildFile section */

/* Begin PBXContainerItemProxy section */
		123EBF7E2FB0BEB900F6A1CA /* PBXContainerItemProxy */ = {
			isa = PBXContainerItemProxy;
			containerPortal = 123EBF662FB0BEB800F6A1CA /* Project object */;
			proxyType = 1;
			remoteGlobalIDString = 123EBF6D2FB0BEB800F6A1CA;
			remoteInfo = PostKit;
		};
		123EBF882FB0BEB900F6A1CA /* PBXContainerItemProxy */ = {
			isa = PBXContainerItemProxy;
			containerPortal = 123EBF662FB0BEB800F6A1CA /* Project object */;
			proxyType = 1;
			remoteGlobalIDString = 123EBF6D2FB0BEB800F6A1CA;
			remoteInfo = PostKit;
		};
/* End PBXContainerItemProxy section */

/* Begin PBXFileReference section */
		123EBF6E2FB0BEB800F6A1CA /* PostKit.app */ = {isa = PBXFileReference; explicitFileType = wrapper.application; includeInIndex = 0; path = PostKit.app; sourceTree = BUILT_PRODUCTS_DIR; };
		123EBF7D2FB0BEB900F6A1CA /* PostKitTests.xctest */ = {isa = PBXFileReference; explicitFileType = wrapper.cfbundle; includeInIndex = 0; path = PostKitTests.xctest; sourceTree = BUILT_PRODUCTS_DIR; };
		123EBF872FB0BEB900F6A1CA /* PostKitUITests.xctest */ = {isa = PBXFileReference; explicitFileType = wrapper.cfbundle; includeInIndex = 0; path = PostKitUITests.xctest; sourceTree = BUILT_PRODUCTS_DIR; };
		125E5E8C2FC076BD004D2F0B /* PostKit.storekit */ = {isa = PBXFileReference; lastKnownFileType = text; path = PostKit.storekit; sourceTree = "<group>"; };
		127D62362FBAFB16000C0CB2 /* Secrets.xcconfig */ = {isa = PBXFileReference; lastKnownFileType = text.xcconfig; path = Secrets.xcconfig; sourceTree = "<group>"; };
/* End PBXFileReference section */

/* Begin PBXFileSystemSynchronizedBuildFileExceptionSet section */
		127D62392FBAFC66000C0CB2 /* Exceptions for "PostKit" folder in "PostKit" target */ = {
			isa = PBXFileSystemSynchronizedBuildFileExceptionSet;
			membershipExceptions = (
				Info.plist,
			);
			target = 123EBF6D2FB0BEB800F6A1CA /* PostKit */;
		};
/* End PBXFileSystemSynchronizedBuildFileExceptionSet section */

/* Begin PBXFileSystemSynchronizedRootGroup section */
		123EBF702FB0BEB800F6A1CA /* PostKit */ = {
			isa = PBXFileSystemSynchronizedRootGroup;
			exceptions = (
				127D62392FBAFC66000C0CB2 /* Exceptions for "PostKit" folder in "PostKit" target */,
			);
			path = PostKit;
			sourceTree = "<group>";
		};
		123EBF802FB0BEB900F6A1CA /* PostKitTests */ = {
			isa = PBXFileSystemSynchronizedRootGroup;
			path = PostKitTests;
			sourceTree = "<group>";
		};
		123EBF8A2FB0BEB900F6A1CA /* PostKitUITests */ = {
			isa = PBXFileSystemSynchronizedRootGroup;
			path = PostKitUITests;
			sourceTree = "<group>";
		};
/* End PBXFileSystemSynchronizedRootGroup section */

/* Begin PBXFrameworksBuildPhase section */
		123EBF6B2FB0BEB800F6A1CA /* Frameworks */ = {
			isa = PBXFrameworksBuildPhase;
			buildActionMask = 2147483647;
			files = (
				12B3EA582FBA6C1D0090A113 /* ComposableArchitecture in Frameworks */,
				12B3EA5B2FBA6C310090A113 /* GoogleGenerativeAI in Frameworks */,
			);
			runOnlyForDeploymentPostprocessing = 0;
		};
		123EBF7A2FB0BEB900F6A1CA /* Frameworks */ = {
			isa = PBXFrameworksBuildPhase;
			buildActionMask = 2147483647;
			files = (
			);
			runOnlyForDeploymentPostprocessing = 0;
		};
		123EBF842FB0BEB900F6A1CA /* Frameworks */ = {
			isa = PBXFrameworksBuildPhase;
			buildActionMask = 2147483647;
			files = (
			);
			runOnlyForDeploymentPostprocessing = 0;
		};
/* End PBXFrameworksBuildPhase section */

/* Begin PBXGroup section */
		123EBF652FB0BEB800F6A1CA = {
			isa = PBXGroup;
			children = (
				125E5E8C2FC076BD004D2F0B /* PostKit.storekit */,
				127D62362FBAFB16000C0CB2 /* Secrets.xcconfig */,
				123EBF702FB0BEB800F6A1CA /* PostKit */,
				123EBF802FB0BEB900F6A1CA /* PostKitTests */,
				123EBF8A2FB0BEB900F6A1CA /* PostKitUITests */,
				123EBF6F2FB0BEB800F6A1CA /* Products */,
			);
			sourceTree = "<group>";
		};
		123EBF6F2FB0BEB800F6A1CA /* Products */ = {
			isa = PBXGroup;
			children = (
				123EBF6E2FB0BEB800F6A1CA /* PostKit.app */,
				123EBF7D2FB0BEB900F6A1CA /* PostKitTests.xctest */,
				123EBF872FB0BEB900F6A1CA /* PostKitUITests.xctest */,
			);
			name = Products;
			sourceTree = "<group>";
		};
/* End PBXGroup section */

/* Begin PBXNativeTarget section */
		123EBF6D2FB0BEB800F6A1CA /* PostKit */ = {
			isa = PBXNativeTarget;
			buildConfigurationList = 123EBF912FB0BEB900F6A1CA /* Build configuration list for PBXNativeTarget "PostKit" */;
			buildPhases = (
				123EBF6A2FB0BEB800F6A1CA /* Sources */,
				123EBF6B2FB0BEB800F6A1CA /* Frameworks */,
				123EBF6C2FB0BEB800F6A1CA /* Resources */,
			);
			buildRules = (
			);
			dependencies = (
			);
			fileSystemSynchronizedGroups = (
				123EBF702FB0BEB800F6A1CA /* PostKit */,
			);
			name = PostKit;
			packageProductDependencies = (
				12B3EA572FBA6C1D0090A113 /* ComposableArchitecture */,
				12B3EA5A2FBA6C310090A113 /* GoogleGenerativeAI */,
			);
			productName = PostKit;
			productReference = 123EBF6E2FB0BEB800F6A1CA /* PostKit.app */;
			productType = "com.apple.product-type.application";
		};
		123EBF7C2FB0BEB900F6A1CA /* PostKitTests */ = {
			isa = PBXNativeTarget;
			buildConfigurationList = 123EBF942FB0BEB900F6A1CA /* Build configuration list for PBXNativeTarget "PostKitTests" */;
			buildPhases = (
				123EBF792FB0BEB900F6A1CA /* Sources */,
				123EBF7A2FB0BEB900F6A1CA /* Frameworks */,
				123EBF7B2FB0BEB900F6A1CA /* Resources */,
			);
			buildRules = (
			);
			dependencies = (
				123EBF7F2FB0BEB900F6A1CA /* PBXTargetDependency */,
			);
			fileSystemSynchronizedGroups = (
				123EBF802FB0BEB900F6A1CA /* PostKitTests */,
			);
			name = PostKitTests;
			packageProductDependencies = (
			);
			productName = PostKitTests;
			productReference = 123EBF7D2FB0BEB900F6A1CA /* PostKitTests.xctest */;
			productType = "com.apple.product-type.bundle.unit-test";
		};
		123EBF862FB0BEB900F6A1CA /* PostKitUITests */ = {
			isa = PBXNativeTarget;
			buildConfigurationList = 123EBF972FB0BEB900F6A1CA /* Build configuration list for PBXNativeTarget "PostKitUITests" */;
			buildPhases = (
				123EBF832FB0BEB900F6A1CA /* Sources */,
				123EBF842FB0BEB900F6A1CA /* Frameworks */,
				123EBF852FB0BEB900F6A1CA /* Resources */,
			);
			buildRules = (
			);
			dependencies = (
				123EBF892FB0BEB900F6A1CA /* PBXTargetDependency */,
			);
			fileSystemSynchronizedGroups = (
				123EBF8A2FB0BEB900F6A1CA /* PostKitUITests */,
			);
			name = PostKitUITests;
			packageProductDependencies = (
			);
			productName = PostKitUITests;
			productReference = 123EBF872FB0BEB900F6A1CA /* PostKitUITests.xctest */;
			productType = "com.apple.product-type.bundle.ui-testing";
		};
/* End PBXNativeTarget section */

/* Begin PBXProject section */
		123EBF662FB0BEB800F6A1CA /* Project object */ = {
			isa = PBXProject;
			attributes = {
				BuildIndependentTargetsInParallel = 1;
				LastSwiftUpdateCheck = 2640;
				LastUpgradeCheck = 2640;
				TargetAttributes = {
					123EBF6D2FB0BEB800F6A1CA = {
						CreatedOnToolsVersion = 26.4;
					};
					123EBF7C2FB0BEB900F6A1CA = {
						CreatedOnToolsVersion = 26.4;
						TestTargetID = 123EBF6D2FB0BEB800F6A1CA;
					};
					123EBF862FB0BEB900F6A1CA = {
						CreatedOnToolsVersion = 26.4;
						TestTargetID = 123EBF6D2FB0BEB800F6A1CA;
					};
				};
			};
			buildConfigurationList = 123EBF692FB0BEB800F6A1CA /* Build configuration list for PBXProject "PostKit" */;
			developmentRegion = en;
			hasScannedForEncodings = 0;
			knownRegions = (
				en,
				Base,
			);
			mainGroup = 123EBF652FB0BEB800F6A1CA;
			minimizedProjectReferenceProxies = 1;
			packageReferences = (
				12B3EA562FBA6C1D0090A113 /* XCRemoteSwiftPackageReference "swift-composable-architecture" */,
				12B3EA592FBA6C310090A113 /* XCRemoteSwiftPackageReference "generative-ai-swift" */,
			);
			preferredProjectObjectVersion = 77;
			productRefGroup = 123EBF6F2FB0BEB800F6A1CA /* Products */;
			projectDirPath = "";
			projectRoot = "";
			targets = (
				123EBF6D2FB0BEB800F6A1CA /* PostKit */,
				123EBF7C2FB0BEB900F6A1CA /* PostKitTests */,
				123EBF862FB0BEB900F6A1CA /* PostKitUITests */,
			);
		};
/* End PBXProject section */

/* Begin PBXResourcesBuildPhase section */
		123EBF6C2FB0BEB800F6A1CA /* Resources */ = {
			isa = PBXResourcesBuildPhase;
			buildActionMask = 2147483647;
			files = (
				125E5E8D2FC076BD004D2F0B /* PostKit.storekit in Resources */,
			);
			runOnlyForDeploymentPostprocessing = 0;
		};
		123EBF7B2FB0BEB900F6A1CA /* Resources */ = {
			isa = PBXResourcesBuildPhase;
			buildActionMask = 2147483647;
			files = (
			);
			runOnlyForDeploymentPostprocessing = 0;
		};
		123EBF852FB0BEB900F6A1CA /* Resources */ = {
			isa = PBXResourcesBuildPhase;
			buildActionMask = 2147483647;
			files = (
			);
			runOnlyForDeploymentPostprocessing = 0;
		};
/* End PBXResourcesBuildPhase section */

/* Begin PBXSourcesBuildPhase section */
		123EBF6A2FB0BEB800F6A1CA /* Sources */ = {
			isa = PBXSourcesBuildPhase;
			buildActionMask = 2147483647;
			files = (
			);
			runOnlyForDeploymentPostprocessing = 0;
		};
		123EBF792FB0BEB900F6A1CA /* Sources */ = {
			isa = PBXSourcesBuildPhase;
			buildActionMask = 2147483647;
			files = (
			);
			runOnlyForDeploymentPostprocessing = 0;
		};
		123EBF832FB0BEB900F6A1CA /* Sources */ = {
			isa = PBXSourcesBuildPhase;
			buildActionMask = 2147483647;
			files = (
			);
			runOnlyForDeploymentPostprocessing = 0;
		};
/* End PBXSourcesBuildPhase section */

/* Begin PBXTargetDependency section */
		123EBF7F2FB0BEB900F6A1CA /* PBXTargetDependency */ = {
			isa = PBXTargetDependency;
			target = 123EBF6D2FB0BEB800F6A1CA /* PostKit */;
			targetProxy = 123EBF7E2FB0BEB900F6A1CA /* PBXContainerItemProxy */;
		};
		123EBF892FB0BEB900F6A1CA /* PBXTargetDependency */ = {
			isa = PBXTargetDependency;
			target = 123EBF6D2FB0BEB800F6A1CA /* PostKit */;
			targetProxy = 123EBF882FB0BEB900F6A1CA /* PBXContainerItemProxy */;
		};
/* End PBXTargetDependency section */

/* Begin XCBuildConfiguration section */
		123EBF8F2FB0BEB900F6A1CA /* Debug */ = {
			isa = XCBuildConfiguration;
			baseConfigurationReference = 127D62362FBAFB16000C0CB2 /* Secrets.xcconfig */;
			buildSettings = {
				ALWAYS_SEARCH_USER_PATHS = NO;
				ASSETCATALOG_COMPILER_GENERATE_SWIFT_ASSET_SYMBOL_EXTENSIONS = YES;
				CLANG_ANALYZER_NONNULL = YES;
				CLANG_ANALYZER_NUMBER_OBJECT_CONVERSION = YES_AGGRESSIVE;
				CLANG_CXX_LANGUAGE_STANDARD = "gnu++20";
				CLANG_ENABLE_MODULES = YES;
				CLANG_ENABLE_OBJC_ARC = YES;
				CLANG_ENABLE_OBJC_WEAK = YES;
				CLANG_WARN_BLOCK_CAPTURE_AUTORELEASING = YES;
				CLANG_WARN_BOOL_CONVERSION = YES;
				CLANG_WARN_COMMA = YES;
				CLANG_WARN_CONSTANT_CONVERSION = YES;
				CLANG_WARN_DEPRECATED_OBJC_IMPLEMENTATIONS = YES;
				CLANG_WARN_DIRECT_OBJC_ISA_USAGE = YES_ERROR;
				CLANG_WARN_DOCUMENTATION_COMMENTS = YES;
				CLANG_WARN_EMPTY_BODY = YES;
				CLANG_WARN_ENUM_CONVERSION = YES;
				CLANG_WARN_INFINITE_RECURSION = YES;
				CLANG_WARN_INT_CONVERSION = YES;
				CLANG_WARN_NON_LITERAL_NULL_CONVERSION = YES;
				CLANG_WARN_OBJC_IMPLICIT_RETAIN_SELF = YES;
				CLANG_WARN_OBJC_LITERAL_CONVERSION = YES;
				CLANG_WARN_OBJC_ROOT_CLASS = YES_ERROR;
				CLANG_WARN_QUOTED_INCLUDE_IN_FRAMEWORK_HEADER = YES;
				CLANG_WARN_RANGE_LOOP_ANALYSIS = YES;
				CLANG_WARN_STRICT_PROTOTYPES = YES;
				CLANG_WARN_SUSPICIOUS_MOVE = YES;
				CLANG_WARN_UNGUARDED_AVAILABILITY = YES_AGGRESSIVE;
				CLANG_WARN_UNREACHABLE_CODE = YES;
				CLANG_WARN__DUPLICATE_METHOD_MATCH = YES;
				COPY_PHASE_STRIP = NO;
				DEBUG_INFORMATION_FORMAT = dwarf;
				DEVELOPMENT_TEAM = QN5JJ5XQZ6;
				ENABLE_STRICT_OBJC_MSGSEND = YES;
				ENABLE_TESTABILITY = YES;
				ENABLE_USER_SCRIPT_SANDBOXING = YES;
				GCC_C_LANGUAGE_STANDARD = gnu17;
				GCC_DYNAMIC_NO_PIC = NO;
				GCC_NO_COMMON_BLOCKS = YES;
				GCC_OPTIMIZATION_LEVEL = 0;
				GCC_PREPROCESSOR_DEFINITIONS = (
					"DEBUG=1",
					"$(inherited)",
				);
				GCC_WARN_64_TO_32_BIT_CONVERSION = YES;
				GCC_WARN_ABOUT_RETURN_TYPE = YES_ERROR;
				GCC_WARN_UNDECLARED_SELECTOR = YES;
				GCC_WARN_UNINITIALIZED_AUTOS = YES_AGGRESSIVE;
				GCC_WARN_UNUSED_FUNCTION = YES;
				GCC_WARN_UNUSED_VARIABLE = YES;
				LOCALIZATION_PREFERS_STRING_CATALOGS = YES;
				MTL_ENABLE_DEBUG_INFO = INCLUDE_SOURCE;
				MTL_FAST_MATH = YES;
				ONLY_ACTIVE_ARCH = YES;
				SWIFT_ACTIVE_COMPILATION_CONDITIONS = "DEBUG $(inherited)";
				SWIFT_OPTIMIZATION_LEVEL = "-Onone";
			};
			name = Debug;
		};
		123EBF902FB0BEB900F6A1CA /* Release */ = {
			isa = XCBuildConfiguration;
			baseConfigurationReference = 127D62362FBAFB16000C0CB2 /* Secrets.xcconfig */;
			buildSettings = {
				ALWAYS_SEARCH_USER_PATHS = NO;
				ASSETCATALOG_COMPILER_GENERATE_SWIFT_ASSET_SYMBOL_EXTENSIONS = YES;
				CLANG_ANALYZER_NONNULL = YES;
				CLANG_ANALYZER_NUMBER_OBJECT_CONVERSION = YES_AGGRESSIVE;
				CLANG_CXX_LANGUAGE_STANDARD = "gnu++20";
				CLANG_ENABLE_MODULES = YES;
				CLANG_ENABLE_OBJC_ARC = YES;
				CLANG_ENABLE_OBJC_WEAK = YES;
				CLANG_WARN_BLOCK_CAPTURE_AUTORELEASING = YES;
				CLANG_WARN_BOOL_CONVERSION = YES;
				CLANG_WARN_COMMA = YES;
				CLANG_WARN_CONSTANT_CONVERSION = YES;
				CLANG_WARN_DEPRECATED_OBJC_IMPLEMENTATIONS = YES;
				CLANG_WARN_DIRECT_OBJC_ISA_USAGE = YES_ERROR;
				CLANG_WARN_DOCUMENTATION_COMMENTS = YES;
				CLANG_WARN_EMPTY_BODY = YES;
				CLANG_WARN_ENUM_CONVERSION = YES;
				CLANG_WARN_INFINITE_RECURSION = YES;
				CLANG_WARN_INT_CONVERSION = YES;
				CLANG_WARN_NON_LITERAL_NULL_CONVERSION = YES;
				CLANG_WARN_OBJC_IMPLICIT_RETAIN_SELF = YES;
				CLANG_WARN_OBJC_LITERAL_CONVERSION = YES;
				CLANG_WARN_OBJC_ROOT_CLASS = YES_ERROR;
				CLANG_WARN_QUOTED_INCLUDE_IN_FRAMEWORK_HEADER = YES;
				CLANG_WARN_RANGE_LOOP_ANALYSIS = YES;
				CLANG_WARN_STRICT_PROTOTYPES = YES;
				CLANG_WARN_SUSPICIOUS_MOVE = YES;
				CLANG_WARN_UNGUARDED_AVAILABILITY = YES_AGGRESSIVE;
				CLANG_WARN_UNREACHABLE_CODE = YES;
				CLANG_WARN__DUPLICATE_METHOD_MATCH = YES;
				COPY_PHASE_STRIP = NO;
				DEBUG_INFORMATION_FORMAT = "dwarf-with-dsym";
				DEVELOPMENT_TEAM = QN5JJ5XQZ6;
				ENABLE_NS_ASSERTIONS = NO;
				ENABLE_STRICT_OBJC_MSGSEND = YES;
				ENABLE_USER_SCRIPT_SANDBOXING = YES;
				GCC_C_LANGUAGE_STANDARD = gnu17;
				GCC_NO_COMMON_BLOCKS = YES;
				GCC_WARN_64_TO_32_BIT_CONVERSION = YES;
				GCC_WARN_ABOUT_RETURN_TYPE = YES_ERROR;
				GCC_WARN_UNDECLARED_SELECTOR = YES;
				GCC_WARN_UNINITIALIZED_AUTOS = YES_AGGRESSIVE;
				GCC_WARN_UNUSED_FUNCTION = YES;
				GCC_WARN_UNUSED_VARIABLE = YES;
				LOCALIZATION_PREFERS_STRING_CATALOGS = YES;
				MTL_ENABLE_DEBUG_INFO = NO;
				MTL_FAST_MATH = YES;
				SWIFT_COMPILATION_MODE = wholemodule;
			};
			name = Release;
		};
		123EBF922FB0BEB900F6A1CA /* Debug */ = {
			isa = XCBuildConfiguration;
			buildSettings = {
				ASSETCATALOG_COMPILER_APPICON_NAME = AppIcon;
				ASSETCATALOG_COMPILER_GLOBAL_ACCENT_COLOR_NAME = AccentColor;
				CODE_SIGN_STYLE = Automatic;
				CURRENT_PROJECT_VERSION = 1;
				DEVELOPMENT_TEAM = QN5JJ5XQZ6;
				ENABLE_APP_SANDBOX = YES;
				ENABLE_HARDENED_RUNTIME = YES;
				ENABLE_PREVIEWS = YES;
				ENABLE_USER_SELECTED_FILES = readonly;
				GENERATE_INFOPLIST_FILE = YES;
				INFOPLIST_FILE = PostKit/Info.plist;
				INFOPLIST_KEY_LSApplicationCategoryType = "public.app-category.photography";
				INFOPLIST_KEY_NSPhotoLibraryUsageDescription = "PostKit needs access to your photo library to classify your content into pillars and help you create posts.";
				"INFOPLIST_KEY_UIApplicationSceneManifest_Generation[sdk=iphoneos*]" = YES;
				"INFOPLIST_KEY_UIApplicationSceneManifest_Generation[sdk=iphonesimulator*]" = YES;
				"INFOPLIST_KEY_UIApplicationSupportsIndirectInputEvents[sdk=iphoneos*]" = YES;
				"INFOPLIST_KEY_UIApplicationSupportsIndirectInputEvents[sdk=iphonesimulator*]" = YES;
				"INFOPLIST_KEY_UILaunchScreen_Generation[sdk=iphoneos*]" = YES;
				"INFOPLIST_KEY_UILaunchScreen_Generation[sdk=iphonesimulator*]" = YES;
				"INFOPLIST_KEY_UIStatusBarStyle[sdk=iphoneos*]" = UIStatusBarStyleDefault;
				"INFOPLIST_KEY_UIStatusBarStyle[sdk=iphonesimulator*]" = UIStatusBarStyleDefault;
				INFOPLIST_KEY_UISupportedInterfaceOrientations_iPad = "UIInterfaceOrientationPortrait UIInterfaceOrientationPortraitUpsideDown UIInterfaceOrientationLandscapeLeft UIInterfaceOrientationLandscapeRight";
				INFOPLIST_KEY_UISupportedInterfaceOrientations_iPhone = "UIInterfaceOrientationPortrait UIInterfaceOrientationLandscapeLeft UIInterfaceOrientationLandscapeRight";
				IPHONEOS_DEPLOYMENT_TARGET = 18.5;
				LD_RUNPATH_SEARCH_PATHS = "@executable_path/Frameworks";
				"LD_RUNPATH_SEARCH_PATHS[sdk=macosx*]" = "@executable_path/../Frameworks";
				MACOSX_DEPLOYMENT_TARGET = 26.4;
				MARKETING_VERSION = 1.0;
				PRODUCT_BUNDLE_IDENTIFIER = lucchettan.postkit;
				PRODUCT_NAME = "$(TARGET_NAME)";
				REGISTER_APP_GROUPS = YES;
				SDKROOT = auto;
				STRING_CATALOG_GENERATE_SYMBOLS = YES;
				SUPPORTED_PLATFORMS = "iphoneos iphonesimulator";
				SUPPORTS_MACCATALYST = NO;
				SWIFT_APPROACHABLE_CONCURRENCY = YES;
				SWIFT_DEFAULT_ACTOR_ISOLATION = nonisolated;
				SWIFT_EMIT_LOC_STRINGS = YES;
				SWIFT_UPCOMING_FEATURE_MEMBER_IMPORT_VISIBILITY = YES;
				SWIFT_VERSION = 5.0;
				TARGETED_DEVICE_FAMILY = "1,2";
				XROS_DEPLOYMENT_TARGET = 26.4;
			};
			name = Debug;
		};
		123EBF932FB0BEB900F6A1CA /* Release */ = {
			isa = XCBuildConfiguration;
			buildSettings = {
				ASSETCATALOG_COMPILER_APPICON_NAME = AppIcon;
				ASSETCATALOG_COMPILER_GLOBAL_ACCENT_COLOR_NAME = AccentColor;
				CODE_SIGN_STYLE = Automatic;
				CURRENT_PROJECT_VERSION = 1;
				DEVELOPMENT_TEAM = QN5JJ5XQZ6;
				ENABLE_APP_SANDBOX = YES;
				ENABLE_HARDENED_RUNTIME = YES;
				ENABLE_PREVIEWS = YES;
				ENABLE_USER_SELECTED_FILES = readonly;
				GENERATE_INFOPLIST_FILE = YES;
				INFOPLIST_FILE = PostKit/Info.plist;
				INFOPLIST_KEY_LSApplicationCategoryType = "public.app-category.photography";
				INFOPLIST_KEY_NSPhotoLibraryUsageDescription = "PostKit needs access to your photo library to classify your content into pillars and help you create posts.";
				"INFOPLIST_KEY_UIApplicationSceneManifest_Generation[sdk=iphoneos*]" = YES;
				"INFOPLIST_KEY_UIApplicationSceneManifest_Generation[sdk=iphonesimulator*]" = YES;
				"INFOPLIST_KEY_UIApplicationSupportsIndirectInputEvents[sdk=iphoneos*]" = YES;
				"INFOPLIST_KEY_UIApplicationSupportsIndirectInputEvents[sdk=iphonesimulator*]" = YES;
				"INFOPLIST_KEY_UILaunchScreen_Generation[sdk=iphoneos*]" = YES;
				"INFOPLIST_KEY_UILaunchScreen_Generation[sdk=iphonesimulator*]" = YES;
				"INFOPLIST_KEY_UIStatusBarStyle[sdk=iphoneos*]" = UIStatusBarStyleDefault;
				"INFOPLIST_KEY_UIStatusBarStyle[sdk=iphonesimulator*]" = UIStatusBarStyleDefault;
				INFOPLIST_KEY_UISupportedInterfaceOrientations_iPad = "UIInterfaceOrientationPortrait UIInterfaceOrientationPortraitUpsideDown UIInterfaceOrientationLandscapeLeft UIInterfaceOrientationLandscapeRight";
				INFOPLIST_KEY_UISupportedInterfaceOrientations_iPhone = "UIInterfaceOrientationPortrait UIInterfaceOrientationLandscapeLeft UIInterfaceOrientationLandscapeRight";
				IPHONEOS_DEPLOYMENT_TARGET = 18.5;
				LD_RUNPATH_SEARCH_PATHS = "@executable_path/Frameworks";
				"LD_RUNPATH_SEARCH_PATHS[sdk=macosx*]" = "@executable_path/../Frameworks";
				MACOSX_DEPLOYMENT_TARGET = 26.4;
				MARKETING_VERSION = 1.0;
				PRODUCT_BUNDLE_IDENTIFIER = lucchettan.postkit;
				PRODUCT_NAME = "$(TARGET_NAME)";
				REGISTER_APP_GROUPS = YES;
				SDKROOT = auto;
				STRING_CATALOG_GENERATE_SYMBOLS = YES;
				SUPPORTED_PLATFORMS = "iphoneos iphonesimulator";
				SUPPORTS_MACCATALYST = NO;
				SWIFT_APPROACHABLE_CONCURRENCY = YES;
				SWIFT_DEFAULT_ACTOR_ISOLATION = nonisolated;
				SWIFT_EMIT_LOC_STRINGS = YES;
				SWIFT_UPCOMING_FEATURE_MEMBER_IMPORT_VISIBILITY = YES;
				SWIFT_VERSION = 5.0;
				TARGETED_DEVICE_FAMILY = "1,2";
				XROS_DEPLOYMENT_TARGET = 26.4;
			};
			name = Release;
		};
		123EBF952FB0BEB900F6A1CA /* Debug */ = {
			isa = XCBuildConfiguration;
			buildSettings = {
				BUNDLE_LOADER = "$(TEST_HOST)";
				CODE_SIGN_STYLE = Automatic;
				CURRENT_PROJECT_VERSION = 1;
				DEVELOPMENT_TEAM = QN5JJ5XQZ6;
				GENERATE_INFOPLIST_FILE = YES;
				IPHONEOS_DEPLOYMENT_TARGET = 18.6;
				MACOSX_DEPLOYMENT_TARGET = 26.4;
				MARKETING_VERSION = 1.0;
				PRODUCT_BUNDLE_IDENTIFIER = lucchettan.PostKitTests;
				PRODUCT_NAME = "$(TARGET_NAME)";
				SDKROOT = auto;
				STRING_CATALOG_GENERATE_SYMBOLS = NO;
				SUPPORTED_PLATFORMS = "iphoneos iphonesimulator macosx xros xrsimulator";
				SWIFT_APPROACHABLE_CONCURRENCY = YES;
				SWIFT_EMIT_LOC_STRINGS = NO;
				SWIFT_UPCOMING_FEATURE_MEMBER_IMPORT_VISIBILITY = YES;
				SWIFT_VERSION = 5.0;
				TARGETED_DEVICE_FAMILY = "1,2,7";
				TEST_HOST = "$(BUILT_PRODUCTS_DIR)/PostKit.app/$(BUNDLE_EXECUTABLE_FOLDER_PATH)/PostKit";
				XROS_DEPLOYMENT_TARGET = 26.4;
			};
			name = Debug;
		};
		123EBF962FB0BEB900F6A1CA /* Release */ = {
			isa = XCBuildConfiguration;
			buildSettings = {
				BUNDLE_LOADER = "$(TEST_HOST)";
				CODE_SIGN_STYLE = Automatic;
				CURRENT_PROJECT_VERSION = 1;
				DEVELOPMENT_TEAM = QN5JJ5XQZ6;
				GENERATE_INFOPLIST_FILE = YES;
				IPHONEOS_DEPLOYMENT_TARGET = 18.6;
				MACOSX_DEPLOYMENT_TARGET = 26.4;
				MARKETING_VERSION = 1.0;
				PRODUCT_BUNDLE_IDENTIFIER = lucchettan.PostKitTests;
				PRODUCT_NAME = "$(TARGET_NAME)";
				SDKROOT = auto;
				STRING_CATALOG_GENERATE_SYMBOLS = NO;
				SUPPORTED_PLATFORMS = "iphoneos iphonesimulator macosx xros xrsimulator";
				SWIFT_APPROACHABLE_CONCURRENCY = YES;
				SWIFT_EMIT_LOC_STRINGS = NO;
				SWIFT_UPCOMING_FEATURE_MEMBER_IMPORT_VISIBILITY = YES;
				SWIFT_VERSION = 5.0;
				TARGETED_DEVICE_FAMILY = "1,2,7";
				TEST_HOST = "$(BUILT_PRODUCTS_DIR)/PostKit.app/$(BUNDLE_EXECUTABLE_FOLDER_PATH)/PostKit";
				XROS_DEPLOYMENT_TARGET = 26.4;
			};
			name = Release;
		};
		123EBF982FB0BEB900F6A1CA /* Debug */ = {
			isa = XCBuildConfiguration;
			buildSettings = {
				CODE_SIGN_STYLE = Automatic;
				CURRENT_PROJECT_VERSION = 1;
				DEVELOPMENT_TEAM = QN5JJ5XQZ6;
				GENERATE_INFOPLIST_FILE = YES;
				IPHONEOS_DEPLOYMENT_TARGET = 18.6;
				MACOSX_DEPLOYMENT_TARGET = 26.4;
				MARKETING_VERSION = 1.0;
				PRODUCT_BUNDLE_IDENTIFIER = lucchettan.PostKitUITests;
				PRODUCT_NAME = "$(TARGET_NAME)";
				SDKROOT = auto;
				STRING_CATALOG_GENERATE_SYMBOLS = NO;
				SUPPORTED_PLATFORMS = "iphoneos iphonesimulator macosx xros xrsimulator";
				SWIFT_APPROACHABLE_CONCURRENCY = YES;
				SWIFT_EMIT_LOC_STRINGS = NO;
				SWIFT_UPCOMING_FEATURE_MEMBER_IMPORT_VISIBILITY = YES;
				SWIFT_VERSION = 5.0;
				TARGETED_DEVICE_FAMILY = "1,2,7";
				TEST_TARGET_NAME = PostKit;
				XROS_DEPLOYMENT_TARGET = 26.4;
			};
			name = Debug;
		};
		123EBF992FB0BEB900F6A1CA /* Release */ = {
			isa = XCBuildConfiguration;
			buildSettings = {
				CODE_SIGN_STYLE = Automatic;
				CURRENT_PROJECT_VERSION = 1;
				DEVELOPMENT_TEAM = QN5JJ5XQZ6;
				GENERATE_INFOPLIST_FILE = YES;
				IPHONEOS_DEPLOYMENT_TARGET = 18.6;
				MACOSX_DEPLOYMENT_TARGET = 26.4;
				MARKETING_VERSION = 1.0;
				PRODUCT_BUNDLE_IDENTIFIER = lucchettan.PostKitUITests;
				PRODUCT_NAME = "$(TARGET_NAME)";
				SDKROOT = auto;
				STRING_CATALOG_GENERATE_SYMBOLS = NO;
				SUPPORTED_PLATFORMS = "iphoneos iphonesimulator macosx xros xrsimulator";
				SWIFT_APPROACHABLE_CONCURRENCY = YES;
				SWIFT_EMIT_LOC_STRINGS = NO;
				SWIFT_UPCOMING_FEATURE_MEMBER_IMPORT_VISIBILITY = YES;
				SWIFT_VERSION = 5.0;
				TARGETED_DEVICE_FAMILY = "1,2,7";
				TEST_TARGET_NAME = PostKit;
				XROS_DEPLOYMENT_TARGET = 26.4;
			};
			name = Release;
		};
/* End XCBuildConfiguration section */

/* Begin XCConfigurationList section */
		123EBF692FB0BEB800F6A1CA /* Build configuration list for PBXProject "PostKit" */ = {
			isa = XCConfigurationList;
			buildConfigurations = (
				123EBF8F2FB0BEB900F6A1CA /* Debug */,
				123EBF902FB0BEB900F6A1CA /* Release */,
			);
			defaultConfigurationIsVisible = 0;
			defaultConfigurationName = Release;
		};
		123EBF912FB0BEB900F6A1CA /* Build configuration list for PBXNativeTarget "PostKit" */ = {
			isa = XCConfigurationList;
			buildConfigurations = (
				123EBF922FB0BEB900F6A1CA /* Debug */,
				123EBF932FB0BEB900F6A1CA /* Release */,
			);
			defaultConfigurationIsVisible = 0;
			defaultConfigurationName = Release;
		};
		123EBF942FB0BEB900F6A1CA /* Build configuration list for PBXNativeTarget "PostKitTests" */ = {
			isa = XCConfigurationList;
			buildConfigurations = (
				123EBF952FB0BEB900F6A1CA /* Debug */,
				123EBF962FB0BEB900F6A1CA /* Release */,
			);
			defaultConfigurationIsVisible = 0;
			defaultConfigurationName = Release;
		};
		123EBF972FB0BEB900F6A1CA /* Build configuration list for PBXNativeTarget "PostKitUITests" */ = {
			isa = XCConfigurationList;
			buildConfigurations = (
				123EBF982FB0BEB900F6A1CA /* Debug */,
				123EBF992FB0BEB900F6A1CA /* Release */,
			);
			defaultConfigurationIsVisible = 0;
			defaultConfigurationName = Release;
		};
/* End XCConfigurationList section */

/* Begin XCRemoteSwiftPackageReference section */
		12B3EA562FBA6C1D0090A113 /* XCRemoteSwiftPackageReference "swift-composable-architecture" */ = {
			isa = XCRemoteSwiftPackageReference;
			repositoryURL = "https://github.com/pointfreeco/swift-composable-architecture";
			requirement = {
				kind = upToNextMajorVersion;
				minimumVersion = 1.25.5;
			};
			traits = (
			);
		};
		12B3EA592FBA6C310090A113 /* XCRemoteSwiftPackageReference "generative-ai-swift" */ = {
			isa = XCRemoteSwiftPackageReference;
			repositoryURL = "https://github.com/google/generative-ai-swift";
			requirement = {
				kind = upToNextMajorVersion;
				minimumVersion = 0.5.6;
			};
		};
/* End XCRemoteSwiftPackageReference section */

/* Begin XCSwiftPackageProductDependency section */
		12B3EA572FBA6C1D0090A113 /* ComposableArchitecture */ = {
			isa = XCSwiftPackageProductDependency;
			package = 12B3EA562FBA6C1D0090A113 /* XCRemoteSwiftPackageReference "swift-composable-architecture" */;
			productName = ComposableArchitecture;
		};
		12B3EA5A2FBA6C310090A113 /* GoogleGenerativeAI */ = {
			isa = XCSwiftPackageProductDependency;
			package = 12B3EA592FBA6C310090A113 /* XCRemoteSwiftPackageReference "generative-ai-swift" */;
			productName = GoogleGenerativeAI;
		};
/* End XCSwiftPackageProductDependency section */
	};
	rootObject = 123EBF662FB0BEB800F6A1CA /* Project object */;
}
